
Microsoft Visual Studio Solution File, Format Version 12.00
# Visual Studio Version 17
VisualStudioVersion = 17.14.36127.28
MinimumVisualStudioVersion = 10.0.40219.1
Project("{FAE04EC0-301F-11D3-BF4B-00C04F79EFBC}") = "Saki.RepositoryTemplate", "Saki.RepositoryTemplate\Saki.RepositoryTemplate.csproj", "{BFF98925-447F-410A-BAEC-5A051F09055D}"
EndProject
Project("{FAE04EC0-301F-11D3-BF4B-00C04F79EFBC}") = "Saki.ModelTemplate", "Saki.ModelTemplate\Saki.ModelTemplate.csproj", "{B29747A2-299E-45CD-A193-3211760B9E6B}"
EndProject
Project("{FAE04EC0-301F-11D3-BF4B-00C04F79EFBC}") = "Saki.BaseTemplate", "Saki.BaseTemplate\Saki.BaseTemplate.csproj", "{3A233FED-FF23-43B6-80C9-D7CEBB570CD3}"
EndProject
Project("{FAE04EC0-301F-11D3-BF4B-00C04F79EFBC}") = "Saki.DomainTemplate", "Saki.DomainTemplate\Saki.DomainTemplate.csproj", "{4278B371-5CD9-4403-BE32-9203ED882F0F}"
EndProject
Project("{FAE04EC0-301F-11D3-BF4B-00C04F79EFBC}") = "Saki.InterfaceTemplate", "Saki.InterfaceTemplate\Saki.InterfaceTemplate.csproj", "{8488DFB0-9705-400A-BA0B-77E7825ABF48}"
EndProject
Project("{FAE04EC0-301F-11D3-BF4B-00C04F79EFBC}") = "Saki.IRepositoryTemplate", "Saki.IRepositoryTemplate\Saki.IRepositoryTemplate.csproj", "{D8CCC15E-D150-4512-B75B-9027E7C0B2EE}"
EndProject
Project("{FAE04EC0-301F-11D3-BF4B-00C04F79EFBC}") = "Saki.SimpleIdServer", "Saki.SimpleIdServer\Saki.SimpleIdServer.csproj", "{E61877C7-98B3-40B2-9510-B212E5FC2E2F}"
EndProject
Project("{FAE04EC0-301F-11D3-BF4B-00C04F79EFBC}") = "Saki.OpenIddictServer", "Saki.OpenIddictServer\Saki.OpenIddictServer.csproj", "{55DCCFBE-7CB3-43B5-B627-22C8394A2B72}"
EndProject
Project("{FAE04EC0-301F-11D3-BF4B-00C04F79EFBC}") = "Saki.TemplateWebProject.v2", "Saki.TemplateWebProject.v2\Saki.TemplateWebProject.v2.csproj", "{68011039-E0D4-4D89-AC4B-453A9A79860E}"
EndProject
Project("{FAE04EC0-301F-11D3-BF4B-00C04F79EFBC}") = "Saki.TemplateWebProject.v3", "Saki.TemplateWebProject.v3\Saki.TemplateWebProject.v3.csproj", "{CFC3636E-C214-464C-8852-16BA8C072E5F}"
EndProject
Project("{FAE04EC0-301F-11D3-BF4B-00C04F79EFBC}") = "Saki.TemplateWebProject.v1", "Saki.TemplateWebProject.v1\Saki.TemplateWebProject.v1.csproj", "{1C50A772-541F-1028-1AE4-54FBBE512BD3}"
EndProject
Project("{FAE04EC0-301F-11D3-BF4B-00C04F79EFBC}") = "Saki.AutoFac", "Saki.AutoFac\Saki.AutoFac.csproj", "{CF77683E-13DB-423E-8821-9D861E312848}"
EndProject
Project("{FAE04EC0-301F-11D3-BF4B-00C04F79EFBC}") = "Saki.DynamicWebApi", "Saki.DynamicWebApi\Saki.DynamicWebApi.csproj", "{76F2DCD1-D662-4890-919B-5F74D15303A1}"
EndProject
Project("{FAE04EC0-301F-11D3-BF4B-00C04F79EFBC}") = "Saki.MiniProfiler", "Saki.MiniProfiler\Saki.MiniProfiler.csproj", "{4CF5C4F9-E546-4860-AF8E-D95369FF82A5}"
EndProject
Global
	GlobalSection(SolutionConfigurationPlatforms) = preSolution
		Debug|Any CPU = Debug|Any CPU
		Release|Any CPU = Release|Any CPU
	EndGlobalSection
	GlobalSection(ProjectConfigurationPlatforms) = postSolution
		{BFF98925-447F-410A-BAEC-5A051F09055D}.Debug|Any CPU.ActiveCfg = Debug|Any CPU
		{BFF98925-447F-410A-BAEC-5A051F09055D}.Debug|Any CPU.Build.0 = Debug|Any CPU
		{BFF98925-447F-410A-BAEC-5A051F09055D}.Release|Any CPU.ActiveCfg = Release|Any CPU
		{BFF98925-447F-410A-BAEC-5A051F09055D}.Release|Any CPU.Build.0 = Release|Any CPU
		{B29747A2-299E-45CD-A193-3211760B9E6B}.Debug|Any CPU.ActiveCfg = Debug|Any CPU
		{B29747A2-299E-45CD-A193-3211760B9E6B}.Debug|Any CPU.Build.0 = Debug|Any CPU
		{B29747A2-299E-45CD-A193-3211760B9E6B}.Release|Any CPU.ActiveCfg = Release|Any CPU
		{B29747A2-299E-45CD-A193-3211760B9E6B}.Release|Any CPU.Build.0 = Release|Any CPU
		{3A233FED-FF23-43B6-80C9-D7CEBB570CD3}.Debug|Any CPU.ActiveCfg = Debug|Any CPU
		{3A233FED-FF23-43B6-80C9-D7CEBB570CD3}.Debug|Any CPU.Build.0 = Debug|Any CPU
		{3A233FED-FF23-43B6-80C9-D7CEBB570CD3}.Release|Any CPU.ActiveCfg = Release|Any CPU
		{3A233FED-FF23-43B6-80C9-D7CEBB570CD3}.Release|Any CPU.Build.0 = Release|Any CPU
		{4278B371-5CD9-4403-BE32-9203ED882F0F}.Debug|Any CPU.ActiveCfg = Debug|Any CPU
		{4278B371-5CD9-4403-BE32-9203ED882F0F}.Debug|Any CPU.Build.0 = Debug|Any CPU
		{4278B371-5CD9-4403-BE32-9203ED882F0F}.Release|Any CPU.ActiveCfg = Release|Any CPU
		{4278B371-5CD9-4403-BE32-9203ED882F0F}.Release|Any CPU.Build.0 = Release|Any CPU
		{8488DFB0-9705-400A-BA0B-77E7825ABF48}.Debug|Any CPU.ActiveCfg = Debug|Any CPU
		{8488DFB0-9705-400A-BA0B-77E7825ABF48}.Debug|Any CPU.Build.0 = Debug|Any CPU
		{8488DFB0-9705-400A-BA0B-77E7825ABF48}.Release|Any CPU.ActiveCfg = Release|Any CPU
		{8488DFB0-9705-400A-BA0B-77E7825ABF48}.Release|Any CPU.Build.0 = Release|Any CPU
		{D8CCC15E-D150-4512-B75B-9027E7C0B2EE}.Debug|Any CPU.ActiveCfg = Debug|Any CPU
		{D8CCC15E-D150-4512-B75B-9027E7C0B2EE}.Debug|Any CPU.Build.0 = Debug|Any CPU
		{D8CCC15E-D150-4512-B75B-9027E7C0B2EE}.Release|Any CPU.ActiveCfg = Release|Any CPU
		{D8CCC15E-D150-4512-B75B-9027E7C0B2EE}.Release|Any CPU.Build.0 = Release|Any CPU
		{E61877C7-98B3-40B2-9510-B212E5FC2E2F}.Debug|Any CPU.ActiveCfg = Debug|Any CPU
		{E61877C7-98B3-40B2-9510-B212E5FC2E2F}.Debug|Any CPU.Build.0 = Debug|Any CPU
		{E61877C7-98B3-40B2-9510-B212E5FC2E2F}.Release|Any CPU.ActiveCfg = Release|Any CPU
		{E61877C7-98B3-40B2-9510-B212E5FC2E2F}.Release|Any CPU.Build.0 = Release|Any CPU
		{55DCCFBE-7CB3-43B5-B627-22C8394A2B72}.Debug|Any CPU.ActiveCfg = Debug|Any CPU
		{55DCCFBE-7CB3-43B5-B627-22C8394A2B72}.Debug|Any CPU.Build.0 = Debug|Any CPU
		{55DCCFBE-7CB3-43B5-B627-22C8394A2B72}.Release|Any CPU.ActiveCfg = Release|Any CPU
		{55DCCFBE-7CB3-43B5-B627-22C8394A2B72}.Release|Any CPU.Build.0 = Release|Any CPU
		{68011039-E0D4-4D89-AC4B-453A9A79860E}.Debug|Any CPU.ActiveCfg = Debug|Any CPU
		{68011039-E0D4-4D89-AC4B-453A9A79860E}.Debug|Any CPU.Build.0 = Debug|Any CPU
		{68011039-E0D4-4D89-AC4B-453A9A79860E}.Release|Any CPU.ActiveCfg = Release|Any CPU
		{68011039-E0D4-4D89-AC4B-453A9A79860E}.Release|Any CPU.Build.0 = Release|Any CPU
		{CFC3636E-C214-464C-8852-16BA8C072E5F}.Debug|Any CPU.ActiveCfg = Debug|Any CPU
		{CFC3636E-C214-464C-8852-16BA8C072E5F}.Debug|Any CPU.Build.0 = Debug|Any CPU
		{CFC3636E-C214-464C-8852-16BA8C072E5F}.Release|Any CPU.ActiveCfg = Release|Any CPU
		{CFC3636E-C214-464C-8852-16BA8C072E5F}.Release|Any CPU.Build.0 = Release|Any CPU
		{1C50A772-541F-1028-1AE4-54FBBE512BD3}.Debug|Any CPU.ActiveCfg = Debug|Any CPU
		{1C50A772-541F-1028-1AE4-54FBBE512BD3}.Debug|Any CPU.Build.0 = Debug|Any CPU
		{1C50A772-541F-1028-1AE4-54FBBE512BD3}.Release|Any CPU.ActiveCfg = Release|Any CPU
		{1C50A772-541F-1028-1AE4-54FBBE512BD3}.Release|Any CPU.Build.0 = Release|Any CPU
		{CF77683E-13DB-423E-8821-9D861E312848}.Debug|Any CPU.ActiveCfg = Debug|Any CPU
		{CF77683E-13DB-423E-8821-9D861E312848}.Debug|Any CPU.Build.0 = Debug|Any CPU
		{CF77683E-13DB-423E-8821-9D861E312848}.Release|Any CPU.ActiveCfg = Release|Any CPU
		{CF77683E-13DB-423E-8821-9D861E312848}.Release|Any CPU.Build.0 = Release|Any CPU
		{76F2DCD1-D662-4890-919B-5F74D15303A1}.Debug|Any CPU.ActiveCfg = Debug|Any CPU
		{76F2DCD1-D662-4890-919B-5F74D15303A1}.Debug|Any CPU.Build.0 = Debug|Any CPU
		{76F2DCD1-D662-4890-919B-5F74D15303A1}.Release|Any CPU.ActiveCfg = Release|Any CPU
		{76F2DCD1-D662-4890-919B-5F74D15303A1}.Release|Any CPU.Build.0 = Release|Any CPU
		{4CF5C4F9-E546-4860-AF8E-D95369FF82A5}.Debug|Any CPU.ActiveCfg = Debug|Any CPU
		{4CF5C4F9-E546-4860-AF8E-D95369FF82A5}.Debug|Any CPU.Build.0 = Debug|Any CPU
		{4CF5C4F9-E546-4860-AF8E-D95369FF82A5}.Release|Any CPU.ActiveCfg = Release|Any CPU
		{4CF5C4F9-E546-4860-AF8E-D95369FF82A5}.Release|Any CPU.Build.0 = Release|Any CPU
	EndGlobalSection
	GlobalSection(SolutionProperties) = preSolution
		HideSolutionNode = FALSE
	EndGlobalSection
	GlobalSection(ExtensibilityGlobals) = postSolution
		SolutionGuid = {22550775-C103-4E14-B527-D75C352548DE}
	EndGlobalSection
EndGlobal
